
Microsoft Visual Studio Solution File, Format Version 12.00
# Visual Studio Version 16
VisualStudioVersion = 16.0.30011.22
MinimumVisualStudioVersion = 10.0.40219.1
Project("{FAE04EC0-301F-11D3-BF4B-00C04F79EFBC}") = "UDPSender", "UDPSender\UDPSender.csproj", "{03629BB9-2628-47E9-8E2E-A7D6FF51286C}"
EndProject
Global
	GlobalSection(SolutionConfigurationPlatforms) = preSolution
		Debug|Any CPU = Debug|Any CPU
		Release|Any CPU = Release|Any CPU
	EndGlobalSection
	GlobalSection(ProjectConfigurationPlatforms) = postSolution
		{03629BB9-2628-47E9-8E2E-A7D6FF51286C}.Debug|Any CPU.ActiveCfg = Debug|Any CPU
		{03629BB9-2628-47E9-8E2E-A7D6FF51286C}.Debug|Any CPU.Build.0 = Debug|Any CPU
		{03629BB9-2628-47E9-8E2E-A7D6FF51286C}.Release|Any CPU.ActiveCfg = Release|Any CPU
		{03629BB9-2628-47E9-8E2E-A7D6FF51286C}.Release|Any CPU.Build.0 = Release|Any CPU
	EndGlobalSection
	GlobalSection(SolutionProperties) = preSolution
		HideSolutionNode = FALSE
	EndGlobalSection
	GlobalSection(ExtensibilityGlobals) = postSolution
		SolutionGuid = {14189F65-1142-4348-B9BC-2979F4D67DD4}
	EndGlobalSection
EndGlobal
